#include<iostream>
using namespace std;
long judge(long num)//判断质数
{
	for (long i = num - 1; i > 1; i--)
	{
		if (num % i == 0)
		{
			return 0; 
		}
	}
	return 1;
}
long factor(long num)//找出素数
{
	if (judge(num))
		return num;
	else
	{
		for (long i = num - 1; i > 1; i--)
		{
			if (num % i == 0)
			{
				return (i);
				break;
			}
		}
	}
}
void out(long num)//输出素数
{
	long temp = factor(num);
	if (temp != num)
	{
		cout << (num / temp) << "  ";
		out(temp);
	}
	else
	{
		cout << num << endl;
	}
}
long main()
{
	long a;
	cin >> a;
	out(a);
}
